{
  "name": "cja-ttv",
  "version": "1.0.0",
  "lockfileVersion": 3,
  "requires": true,
  "packages": {
    "": {
      "name": "cja-ttv",
      "version": "1.0.0",
      "license": "ISC",
      "dependencies": {
        "@spectrum-web-components/button": "^0.49.0",
        "@spectrum-web-components/theme": "^0.49.0",
        "js-yaml": "^4.1.0"
      }
    },
    "node_modules/@lit-labs/observers": {
      "version": "2.0.4",
      "resolved": "https://registry.npmjs.org/@lit-labs/observers/-/observers-2.0.4.tgz",
      "integrity": "sha512-x95jhDPGb+HtYU3hEdqkcLxb6v2JBP3tcajaiOijs1F/ZmOgRT0pRPn0v+jhhk8mAAbEO12SZJjPCmuysunssQ==",
      "license": "BSD-3-Clause",
      "dependencies": {
        "@lit/reactive-element": "^1.0.0 || ^2.0.0",
        "lit-html": "^3.2.0"
      }
    },
    "node_modules/@lit-labs/ssr-dom-shim": {
      "version": "1.2.1",
      "resolved": "https://registry.npmjs.org/@lit-labs/ssr-dom-shim/-/ssr-dom-shim-1.2.1.tgz",
      "integrity": "sha512-wx4aBmgeGvFmOKucFKY+8VFJSYZxs9poN3SDNQFF6lT6NrQUnHiPB2PWz2sc4ieEcAaYYzN+1uWahEeTq2aRIQ==",
      "license": "BSD-3-Clause"
    },
    "node_modules/@lit/reactive-element": {
      "version": "2.0.4",
      "resolved": "https://registry.npmjs.org/@lit/reactive-element/-/reactive-element-2.0.4.tgz",
      "integrity": "sha512-GFn91inaUa2oHLak8awSIigYz0cU0Payr1rcFsrkf5OJ5eSPxElyZfKh0f2p9FsTiZWXQdWGJeXZICEfXXYSXQ==",
      "license": "BSD-3-Clause",
      "dependencies": {
        "@lit-labs/ssr-dom-shim": "^1.2.0"
      }
    },
    "node_modules/@spectrum-web-components/base": {
      "version": "0.49.0",
      "resolved": "https://registry.npmjs.org/@spectrum-web-components/base/-/base-0.49.0.tgz",
      "integrity": "sha512-X9BaxJClSvu9pdS2shxkottejmG6iboYL1i1LCRBvE/QoTiVAclXfKODYHH7DUnXdpsPM8oRE5V7y02APCWjfg==",
      "license": "Apache-2.0",
      "dependencies": {
        "lit": "^2.5.0 || ^3.1.3"
      }
    },
    "node_modules/@spectrum-web-components/button": {
      "version": "0.49.0",
      "resolved": "https://registry.npmjs.org/@spectrum-web-components/button/-/button-0.49.0.tgz",
      "integrity": "sha512-zBlBvY/JZ7hE3LnBR4TJ6Au71UYCASpQoIhZPzneSNboGHhQxruLw2AScIdMTSHfDUKcTi/XJaHx3EKPjTOLQQ==",
      "license": "Apache-2.0",
      "dependencies": {
        "@spectrum-web-components/base": "^0.49.0",
        "@spectrum-web-components/clear-button": "^0.49.0",
        "@spectrum-web-components/close-button": "^0.49.0",
        "@spectrum-web-components/icon": "^0.49.0",
        "@spectrum-web-components/icons-ui": "^0.49.0",
        "@spectrum-web-components/progress-circle": "^0.49.0",
        "@spectrum-web-components/shared": "^0.49.0"
      }
    },
    "node_modules/@spectrum-web-components/clear-button": {
      "version": "0.49.0",
      "resolved": "https://registry.npmjs.org/@spectrum-web-components/clear-button/-/clear-button-0.49.0.tgz",
      "integrity": "sha512-7MfPmg9evn6lJ4s9rm+2rWUzRaGYbFv3KnU0AhSur13PuAN76A6T2mfSzkf91SepSpvkkbu7nMPiw2GYV4U/QA==",
      "license": "Apache-2.0",
      "dependencies": {
        "@spectrum-web-components/base": "^0.49.0"
      }
    },
    "node_modules/@spectrum-web-components/close-button": {
      "version": "0.49.0",
      "resolved": "https://registry.npmjs.org/@spectrum-web-components/close-button/-/close-button-0.49.0.tgz",
      "integrity": "sha512-rIIqq5N6raQki7jlg4TJcbDda0OUoZTDudcLdFLWOG/liL/ulrYusbF/eBjiYi7HcA2Rely373pksjL/H32x/A==",
      "license": "Apache-2.0",
      "dependencies": {
        "@spectrum-web-components/base": "^0.49.0"
      }
    },
    "node_modules/@spectrum-web-components/icon": {
      "version": "0.49.0",
      "resolved": "https://registry.npmjs.org/@spectrum-web-components/icon/-/icon-0.49.0.tgz",
      "integrity": "sha512-tKgd088HFceRkvvw1WNGYGgFcrrM8famxAFRJrEj8W6Wm1m8Q48fz3BDB1V4eI3qGsiaS8AjCfOqTh07vqHyeA==",
      "license": "Apache-2.0",
      "dependencies": {
        "@spectrum-web-components/base": "^0.49.0",
        "@spectrum-web-components/iconset": "^0.49.0"
      }
    },
    "node_modules/@spectrum-web-components/icons-ui": {
      "version": "0.49.0",
      "resolved": "https://registry.npmjs.org/@spectrum-web-components/icons-ui/-/icons-ui-0.49.0.tgz",
      "integrity": "sha512-f74MfIua3K/ycuqX3/Daqkr0mgSFMXH1HTURofHhN9EopQoPRl4X+PGtAIY1PMih25JLUIAzMe3j0Zmx3Mt1LQ==",
      "license": "Apache-2.0",
      "dependencies": {
        "@spectrum-web-components/base": "^0.49.0",
        "@spectrum-web-components/icon": "^0.49.0",
        "@spectrum-web-components/iconset": "^0.49.0"
      }
    },
    "node_modules/@spectrum-web-components/iconset": {
      "version": "0.49.0",
      "resolved": "https://registry.npmjs.org/@spectrum-web-components/iconset/-/iconset-0.49.0.tgz",
      "integrity": "sha512-vyMvYaH7d6h254ucMFuhsv05IY4IOdFKKlXf9PJO06lCmaMq6p4lViOZ+hEWmkYJ6QHn2ovD8oQXwB5+KqhYBg==",
      "license": "Apache-2.0",
      "dependencies": {
        "@spectrum-web-components/base": "^0.49.0"
      }
    },
    "node_modules/@spectrum-web-components/progress-circle": {
      "version": "0.49.0",
      "resolved": "https://registry.npmjs.org/@spectrum-web-components/progress-circle/-/progress-circle-0.49.0.tgz",
      "integrity": "sha512-MXvLbLz0BHRY/KekUe1DafAGj1nmcq14VMjMaLfCv0IYNCHYjEpEKrQyTI3TRZLEa0feF4YBMAqsbOEXOf9txw==",
      "license": "Apache-2.0",
      "dependencies": {
        "@spectrum-web-components/base": "^0.49.0",
        "@spectrum-web-components/shared": "^0.49.0"
      }
    },
    "node_modules/@spectrum-web-components/shared": {
      "version": "0.49.0",
      "resolved": "https://registry.npmjs.org/@spectrum-web-components/shared/-/shared-0.49.0.tgz",
      "integrity": "sha512-rrKxMGC+YNrey19s6NjG0dvofyh0aDTP6KJ98G9eU++AaxamazFA0bOUIeGF7N/3HoZshCFOn8CSVJIqkK8rdg==",
      "license": "Apache-2.0",
      "dependencies": {
        "@lit-labs/observers": "^2.0.2",
        "@spectrum-web-components/base": "^0.49.0",
        "focus-visible": "^5.1.0"
      }
    },
    "node_modules/@spectrum-web-components/styles": {
      "version": "0.49.0",
      "resolved": "https://registry.npmjs.org/@spectrum-web-components/styles/-/styles-0.49.0.tgz",
      "integrity": "sha512-F4AF05sZUtkcS7Z0Bb2/+c75iEnC3iHDG0l65+i38OLltZKvNUyjzp/sdWvwGF4V2V3UxE4q9xUKVETzQFfz3Q==",
      "license": "Apache-2.0",
      "dependencies": {
        "@spectrum-web-components/base": "^0.49.0"
      }
    },
    "node_modules/@spectrum-web-components/theme": {
      "version": "0.49.0",
      "resolved": "https://registry.npmjs.org/@spectrum-web-components/theme/-/theme-0.49.0.tgz",
      "integrity": "sha512-fgw81WsSUJL0CqKDkbeI5JgugYL9u73Ccu7bsNfnvQCGpSQ65rs/tjaDsZb2hNAiUA4LfmmOePUA0W1Pu6vNiA==",
      "license": "ISC",
      "dependencies": {
        "@spectrum-web-components/base": "^0.49.0",
        "@spectrum-web-components/styles": "^0.49.0"
      }
    },
    "node_modules/@types/trusted-types": {
      "version": "2.0.7",
      "resolved": "https://registry.npmjs.org/@types/trusted-types/-/trusted-types-2.0.7.tgz",
      "integrity": "sha512-ScaPdn1dQczgbl0QFTeTOmVHFULt394XJgOQNoyVhZ6r2vLnMLJfBPd53SB52T/3G36VI1/g2MZaX0cwDuXsfw==",
      "license": "MIT"
    },
    "node_modules/argparse": {
      "version": "2.0.1",
      "resolved": "https://registry.npmjs.org/argparse/-/argparse-2.0.1.tgz",
      "integrity": "sha512-8+9WqebbFzpX9OR+Wa6O29asIogeRMzcGtAINdpMHHyAg10f05aSFVBbcEqGf/PXw1EjAZ+q2/bEBg3DvurK3Q==",
      "license": "Python-2.0"
    },
    "node_modules/focus-visible": {
      "version": "5.2.1",
      "resolved": "https://registry.npmjs.org/focus-visible/-/focus-visible-5.2.1.tgz",
      "integrity": "sha512-8Bx950VD1bWTQJEH/AM6SpEk+SU55aVnp4Ujhuuxy3eMEBCRwBnTBnVXr9YAPvZL3/CNjCa8u4IWfNmEO53whA==",
      "license": "W3C"
    },
    "node_modules/js-yaml": {
      "version": "4.1.0",
      "resolved": "https://registry.npmjs.org/js-yaml/-/js-yaml-4.1.0.tgz",
      "integrity": "sha512-wpxZs9NoxZaJESJGIZTyDEaYpl0FKSA+FB9aJiyemKhMwkxQg63h4T1KJgUGHpTqPDNRcmmYLugrRjJlBtWvRA==",
      "license": "MIT",
      "dependencies": {
        "argparse": "^2.0.1"
      },
      "bin": {
        "js-yaml": "bin/js-yaml.js"
      }
    },
    "node_modules/lit": {
      "version": "3.2.1",
      "resolved": "https://registry.npmjs.org/lit/-/lit-3.2.1.tgz",
      "integrity": "sha512-1BBa1E/z0O9ye5fZprPtdqnc0BFzxIxTTOO/tQFmyC/hj1O3jL4TfmLBw0WEwjAokdLwpclkvGgDJwTIh0/22w==",
      "license": "BSD-3-Clause",
      "dependencies": {
        "@lit/reactive-element": "^2.0.4",
        "lit-element": "^4.1.0",
        "lit-html": "^3.2.0"
      }
    },
    "node_modules/lit-element": {
      "version": "4.1.1",
      "resolved": "https://registry.npmjs.org/lit-element/-/lit-element-4.1.1.tgz",
      "integrity": "sha512-HO9Tkkh34QkTeUmEdNYhMT8hzLid7YlMlATSi1q4q17HE5d9mrrEHJ/o8O2D0cMi182zK1F3v7x0PWFjrhXFew==",
      "license": "BSD-3-Clause",
      "dependencies": {
        "@lit-labs/ssr-dom-shim": "^1.2.0",
        "@lit/reactive-element": "^2.0.4",
        "lit-html": "^3.2.0"
      }
    },
    "node_modules/lit-html": {
      "version": "3.2.1",
      "resolved": "https://registry.npmjs.org/lit-html/-/lit-html-3.2.1.tgz",
      "integrity": "sha512-qI/3lziaPMSKsrwlxH/xMgikhQ0EGOX2ICU73Bi/YHFvz2j/yMCIrw4+puF2IpQ4+upd3EWbvnHM9+PnJn48YA==",
      "license": "BSD-3-Clause",
      "dependencies": {
        "@types/trusted-types": "^2.0.2"
      }
    }
  }
}
